
Microsoft Visual Studio Solution File, Format Version 12.00
# Visual Studio Version 16
VisualStudioVersion = 16.0.30711.63
MinimumVisualStudioVersion = 10.0.40219.1
Project("{FAE04EC0-301F-11D3-BF4B-00C04F79EFBC}") = "eshop", "eshop\eshop.csproj", "{7B694D03-1A1B-4900-80A1-F4FBF200A86B}"
EndProject
Global
	GlobalSection(SolutionConfigurationPlatforms) = preSolution
		Debug|Any CPU = Debug|Any CPU
		Release|Any CPU = Release|Any CPU
	EndGlobalSection
	GlobalSection(ProjectConfigurationPlatforms) = postSolution
		{7B694D03-1A1B-4900-80A1-F4FBF200A86B}.Debug|Any CPU.ActiveCfg = Debug|Any CPU
		{7B694D03-1A1B-4900-80A1-F4FBF200A86B}.Debug|Any CPU.Build.0 = Debug|Any CPU
		{7B694D03-1A1B-4900-80A1-F4FBF200A86B}.Release|Any CPU.ActiveCfg = Release|Any CPU
		{7B694D03-1A1B-4900-80A1-F4FBF200A86B}.Release|Any CPU.Build.0 = Release|Any CPU
	EndGlobalSection
	GlobalSection(SolutionProperties) = preSolution
		HideSolutionNode = FALSE
	EndGlobalSection
	GlobalSection(ExtensibilityGlobals) = postSolution
		SolutionGuid = {6E818064-F54C-42DC-B7DF-D4D2FC97C6E2}
	EndGlobalSection
EndGlobal
